Microsoft Visual Studio Solution File, Format Version 12.00
# Visual Studio Version 17
VisualStudioVersion = 17.5.2.0
MinimumVisualStudioVersion = 10.0.40219.1
Project("{2150E333-8FDC-42A3-9474-1A3956D46DE8}") = "FIP-Repconn 2", "FIP-Repconn 2", "{0B0F957C-C5A8-F46E-2E67-310431451F25}"
EndProject
Project("{2150E333-8FDC-42A3-9474-1A3956D46DE8}") = "Source", "Source", "{63BC8E1D-E7D7-2A74-3720-74D009030E99}"
EndProject
Project("{FAE04EC0-301F-11D3-BF4B-00C04F79EFBC}") = "FIP.Repconn2", "FIP-Repconn 2\Source\FIP.Repconn2.csproj", "{77C7B913-5427-BD72-0162-D788343D2BBA}"
EndProject
Global
	GlobalSection(SolutionConfigurationPlatforms) = preSolution
		Debug|Any CPU = Debug|Any CPU
		Release|Any CPU = Release|Any CPU
	EndGlobalSection
	GlobalSection(ProjectConfigurationPlatforms) = postSolution
		{77C7B913-5427-BD72-0162-D788343D2BBA}.Debug|Any CPU.ActiveCfg = Debug|Any CPU
		{77C7B913-5427-BD72-0162-D788343D2BBA}.Debug|Any CPU.Build.0 = Debug|Any CPU
		{77C7B913-5427-BD72-0162-D788343D2BBA}.Release|Any CPU.ActiveCfg = Release|Any CPU
		{77C7B913-5427-BD72-0162-D788343D2BBA}.Release|Any CPU.Build.0 = Release|Any CPU
	EndGlobalSection
	GlobalSection(SolutionProperties) = preSolution
		HideSolutionNode = FALSE
	EndGlobalSection
	GlobalSection(NestedProjects) = preSolution
		{63BC8E1D-E7D7-2A74-3720-74D009030E99} = {0B0F957C-C5A8-F46E-2E67-310431451F25}
		{77C7B913-5427-BD72-0162-D788343D2BBA} = {63BC8E1D-E7D7-2A74-3720-74D009030E99}
	EndGlobalSection
	GlobalSection(ExtensibilityGlobals) = postSolution
		SolutionGuid = {9BC2EEFE-F3B6-45D4-ACD6-C4DC0B50FCF3}
	EndGlobalSection
EndGlobal
