
Microsoft Visual Studio Solution File, Format Version 12.00
# Visual Studio Version 17
VisualStudioVersion = 17.0.31903.59
MinimumVisualStudioVersion = 10.0.40219.1
Project("{2150E333-8FDC-42A3-9474-1A3956D46DE8}") = "FIP-Arktos", "FIP-Arktos", "{CA367018-E95E-3BA1-045E-B4F8AEEC5B22}"
EndProject
Project("{FAE04EC0-301F-11D3-BF4B-00C04F79EFBC}") = "FIP.Arktos.Aqueduct", "FIP-Arktos\FIP.Arktos.Aqueduct\FIP.Arktos.Aqueduct.csproj", "{B9DF1945-B54C-4291-90AA-0D62B045AE6C}"
EndProject
Project("{FAE04EC0-301F-11D3-BF4B-00C04F79EFBC}") = "FIP.Arktos.BrahminWoods", "FIP-Arktos\FIP.Arktos.BrahminWoods\FIP.Arktos.BrahminWoods.csproj", "{46CF21C6-5680-4614-8D2C-BB5C53A8FF09}"
EndProject
Project("{FAE04EC0-301F-11D3-BF4B-00C04F79EFBC}") = "FIP.Arktos.Canyon", "FIP-Arktos\FIP.Arktos.Canyon\FIP.Arktos.Canyon.csproj", "{14912C60-0E9C-487D-ABC8-C3AA37DEFD49}"
EndProject
Project("{FAE04EC0-301F-11D3-BF4B-00C04F79EFBC}") = "FIP.Arktos.Creek", "FIP-Arktos\FIP.Arktos.Creek\FIP.Arktos.Creek.csproj", "{A81CA098-B6E7-4196-891A-839354842CC5}"
EndProject
Project("{FAE04EC0-301F-11D3-BF4B-00C04F79EFBC}") = "FIP.Arktos.CentralValley", "FIP-Arktos\FIP.Arktos.CentralValley\FIP.Arktos.CentralValley.csproj", "{921C5F59-3FAC-48B3-BE77-E405E0E177AE}"
EndProject
Project("{FAE04EC0-301F-11D3-BF4B-00C04F79EFBC}") = "FIP.Arktos.Divide", "FIP-Arktos\FIP.Arktos.Divide\FIP.Arktos.Divide.csproj", "{CEB7BF23-7D63-46A8-A11B-38F0048C79D3}"
EndProject
Project("{FAE04EC0-301F-11D3-BF4B-00C04F79EFBC}") = "FIP.Arktos.Floodplains", "FIP-Arktos\FIP.Arktos.Floodplains\FIP.Arktos.Floodplains.csproj", "{C5EE7A68-8B28-448B-B95B-8226137391D8}"
EndProject
Project("{FAE04EC0-301F-11D3-BF4B-00C04F79EFBC}") = "FIP.Arktos.Malpais", "FIP-Arktos\FIP.Arktos.Malpais\FIP.Arktos.Malpais.csproj", "{1650A2E5-D71D-4D8C-AE23-E98CC22EFB68}"
EndProject
Project("{FAE04EC0-301F-11D3-BF4B-00C04F79EFBC}") = "FIP.Arktos.Marina", "FIP-Arktos\FIP.Arktos.Marina\FIP.Arktos.Marina.csproj", "{003DDF93-114D-4013-9CC6-3DA9716D4FB4}"
EndProject
Project("{FAE04EC0-301F-11D3-BF4B-00C04F79EFBC}") = "FIP.Arktos.Mesa", "FIP-Arktos\FIP.Arktos.Mesa\FIP.Arktos.Mesa.csproj", "{7B6A15C2-E868-4B05-B23C-D242E19AA0E9}"
EndProject
Project("{FAE04EC0-301F-11D3-BF4B-00C04F79EFBC}") = "FIP.Arktos.Mojave", "FIP-Arktos\FIP.Arktos.Mojave\FIP.Arktos.Mojave.csproj", "{930B77E1-9C18-4756-B8AE-8795C9C10203}"
EndProject
Project("{FAE04EC0-301F-11D3-BF4B-00C04F79EFBC}") = "FIP.Arktos.Preserve", "FIP-Arktos\FIP.Arktos.Preserve\FIP.Arktos.Preserve.csproj", "{78EDDBF8-E80A-4FB9-8F41-E6FAA300ABA1}"
EndProject
Project("{FAE04EC0-301F-11D3-BF4B-00C04F79EFBC}") = "FIP.Arktos.Redwood", "FIP-Arktos\FIP.Arktos.Redwood\FIP.Arktos.Redwood.csproj", "{A5D0489B-8510-4369-8537-B7CEE9B15154}"
EndProject
Project("{FAE04EC0-301F-11D3-BF4B-00C04F79EFBC}") = "FIP.Arktos.Sequoia", "FIP-Arktos\FIP.Arktos.Sequoia\FIP.Arktos.Sequoia.csproj", "{8727F713-265C-4041-97AB-EC55C8976462}"
EndProject
Project("{FAE04EC0-301F-11D3-BF4B-00C04F79EFBC}") = "FIP.Arktos.Urban", "FIP-Arktos\FIP.Arktos.Urban\FIP.Arktos.Urban.csproj", "{908C10B6-20BD-48DC-B16A-9818CED03246}"
EndProject
Project("{2150E333-8FDC-42A3-9474-1A3956D46DE8}") = "FIP-Greenway", "FIP-Greenway", "{7AEDEC2C-D7CD-2291-07FC-297D53620BBD}"
EndProject
Project("{FAE04EC0-301F-11D3-BF4B-00C04F79EFBC}") = "FIP.Greenway", "FIP-Greenway\FIP.Greenway.csproj", "{9BA6A244-F6A7-4F83-98F2-7F2CA223C599}"
EndProject
Project("{2150E333-8FDC-42A3-9474-1A3956D46DE8}") = "FIP-WestTek", "FIP-WestTek", "{FD78E6DB-0280-7958-3145-3411AA089A83}"
EndProject
Project("{FAE04EC0-301F-11D3-BF4B-00C04F79EFBC}") = "FIP.WestTek", "FIP-WestTek\FIP.WestTek.csproj", "{7F0D2304-6FFB-4130-A01D-1BA65DFE3398}"
EndProject
Project("{2150E333-8FDC-42A3-9474-1A3956D46DE8}") = "FIP-H&HTools", "FIP-H&HTools", "{BBF42357-C79D-5771-9C44-EB4CBE29E30F}"
EndProject
Project("{FAE04EC0-301F-11D3-BF4B-00C04F79EFBC}") = "FIP.HHTools", "FIP-H&HTools\FIP.HHTools.csproj", "{21B948CA-6B32-4BCF-938C-9975A265EDA1}"
EndProject
Project("{FAE04EC0-301F-11D3-BF4B-00C04F79EFBC}") = "FIP.RobCo", "FIP-RobCo\FIP.RobCo.csproj", "{365221E0-E05E-4AFA-B075-FF0BD0ACF6FB}"
EndProject
Project("{2150E333-8FDC-42A3-9474-1A3956D46DE8}") = "FIP-Lucky38", "FIP-Lucky38", "{5257F81B-9E3E-BCC9-4C01-B7DB4063E298}"
EndProject
Project("{FAE04EC0-301F-11D3-BF4B-00C04F79EFBC}") = "FIP.Lucky38", "FIP-Lucky38\FIP.Lucky38.csproj", "{28D3C0A7-F44C-4C7E-9C91-B94F81A10945}"
EndProject
Project("{2150E333-8FDC-42A3-9474-1A3956D46DE8}") = "FIP-RobCo", "FIP-RobCo", "{CA635431-25CB-ACB3-CA3A-BACAE881AF8C}"
EndProject
Project("{2150E333-8FDC-42A3-9474-1A3956D46DE8}") = "Harmony", "Harmony", "{F8E51F75-435D-731B-0802-8FF53310D1F5}"
EndProject
Project("{FAE04EC0-301F-11D3-BF4B-00C04F79EFBC}") = "FIP.RobCo.Harmony", "FIP-RobCo\Harmony\FIP.RobCo.Harmony.csproj", "{9E903E49-01C0-4E12-99B5-3D9C7D9F7655}"
EndProject
Project("{FAE04EC0-301F-11D3-BF4B-00C04F79EFBC}") = "FIP.WestTek.Harmony", "FIP-WestTek\Harmony\FIP.WestTek.Harmony.csproj", "{F6515FF0-7ECA-4E4C-952E-B14220F7DEE0}"
EndProject
Project("{2150E333-8FDC-42A3-9474-1A3956D46DE8}") = "Harmony", "Harmony", "{9C1F6B2E-C846-9456-7AF8-2940744FC102}"
EndProject
Project("{FAE04EC0-301F-11D3-BF4B-00C04F79EFBC}") = "FIP.HHTools.Harmony", "FIP-H&HTools\Harmony\FIP.HHTools.Harmony.csproj", "{168C54F7-FB10-490D-BA32-C9874ACF39AB}"
EndProject
Global
	GlobalSection(SolutionConfigurationPlatforms) = preSolution
		Debug|Any CPU = Debug|Any CPU
		Debug|x64 = Debug|x64
		Debug|x86 = Debug|x86
		Release|Any CPU = Release|Any CPU
		Release|x64 = Release|x64
		Release|x86 = Release|x86
	EndGlobalSection
	GlobalSection(ProjectConfigurationPlatforms) = postSolution
		{B9DF1945-B54C-4291-90AA-0D62B045AE6C}.Debug|Any CPU.ActiveCfg = Debug|Any CPU
		{B9DF1945-B54C-4291-90AA-0D62B045AE6C}.Debug|Any CPU.Build.0 = Debug|Any CPU
		{B9DF1945-B54C-4291-90AA-0D62B045AE6C}.Debug|x64.ActiveCfg = Debug|Any CPU
		{B9DF1945-B54C-4291-90AA-0D62B045AE6C}.Debug|x64.Build.0 = Debug|Any CPU
		{B9DF1945-B54C-4291-90AA-0D62B045AE6C}.Debug|x86.ActiveCfg = Debug|Any CPU
		{B9DF1945-B54C-4291-90AA-0D62B045AE6C}.Debug|x86.Build.0 = Debug|Any CPU
		{B9DF1945-B54C-4291-90AA-0D62B045AE6C}.Release|Any CPU.ActiveCfg = Release|Any CPU
		{B9DF1945-B54C-4291-90AA-0D62B045AE6C}.Release|Any CPU.Build.0 = Release|Any CPU
		{B9DF1945-B54C-4291-90AA-0D62B045AE6C}.Release|x64.ActiveCfg = Release|Any CPU
		{B9DF1945-B54C-4291-90AA-0D62B045AE6C}.Release|x64.Build.0 = Release|Any CPU
		{B9DF1945-B54C-4291-90AA-0D62B045AE6C}.Release|x86.ActiveCfg = Release|Any CPU
		{B9DF1945-B54C-4291-90AA-0D62B045AE6C}.Release|x86.Build.0 = Release|Any CPU
		{46CF21C6-5680-4614-8D2C-BB5C53A8FF09}.Debug|Any CPU.ActiveCfg = Debug|Any CPU
		{46CF21C6-5680-4614-8D2C-BB5C53A8FF09}.Debug|Any CPU.Build.0 = Debug|Any CPU
		{46CF21C6-5680-4614-8D2C-BB5C53A8FF09}.Debug|x64.ActiveCfg = Debug|Any CPU
		{46CF21C6-5680-4614-8D2C-BB5C53A8FF09}.Debug|x64.Build.0 = Debug|Any CPU
		{46CF21C6-5680-4614-8D2C-BB5C53A8FF09}.Debug|x86.ActiveCfg = Debug|Any CPU
		{46CF21C6-5680-4614-8D2C-BB5C53A8FF09}.Debug|x86.Build.0 = Debug|Any CPU
		{46CF21C6-5680-4614-8D2C-BB5C53A8FF09}.Release|Any CPU.ActiveCfg = Release|Any CPU
		{46CF21C6-5680-4614-8D2C-BB5C53A8FF09}.Release|Any CPU.Build.0 = Release|Any CPU
		{46CF21C6-5680-4614-8D2C-BB5C53A8FF09}.Release|x64.ActiveCfg = Release|Any CPU
		{46CF21C6-5680-4614-8D2C-BB5C53A8FF09}.Release|x64.Build.0 = Release|Any CPU
		{46CF21C6-5680-4614-8D2C-BB5C53A8FF09}.Release|x86.ActiveCfg = Release|Any CPU
		{46CF21C6-5680-4614-8D2C-BB5C53A8FF09}.Release|x86.Build.0 = Release|Any CPU
		{14912C60-0E9C-487D-ABC8-C3AA37DEFD49}.Debug|Any CPU.ActiveCfg = Debug|Any CPU
		{14912C60-0E9C-487D-ABC8-C3AA37DEFD49}.Debug|Any CPU.Build.0 = Debug|Any CPU
		{14912C60-0E9C-487D-ABC8-C3AA37DEFD49}.Debug|x64.ActiveCfg = Debug|Any CPU
		{14912C60-0E9C-487D-ABC8-C3AA37DEFD49}.Debug|x64.Build.0 = Debug|Any CPU
		{14912C60-0E9C-487D-ABC8-C3AA37DEFD49}.Debug|x86.ActiveCfg = Debug|Any CPU
		{14912C60-0E9C-487D-ABC8-C3AA37DEFD49}.Debug|x86.Build.0 = Debug|Any CPU
		{14912C60-0E9C-487D-ABC8-C3AA37DEFD49}.Release|Any CPU.ActiveCfg = Release|Any CPU
		{14912C60-0E9C-487D-ABC8-C3AA37DEFD49}.Release|Any CPU.Build.0 = Release|Any CPU
		{14912C60-0E9C-487D-ABC8-C3AA37DEFD49}.Release|x64.ActiveCfg = Release|Any CPU
		{14912C60-0E9C-487D-ABC8-C3AA37DEFD49}.Release|x64.Build.0 = Release|Any CPU
		{14912C60-0E9C-487D-ABC8-C3AA37DEFD49}.Release|x86.ActiveCfg = Release|Any CPU
		{14912C60-0E9C-487D-ABC8-C3AA37DEFD49}.Release|x86.Build.0 = Release|Any CPU
		{A81CA098-B6E7-4196-891A-839354842CC5}.Debug|Any CPU.ActiveCfg = Debug|Any CPU
		{A81CA098-B6E7-4196-891A-839354842CC5}.Debug|Any CPU.Build.0 = Debug|Any CPU
		{A81CA098-B6E7-4196-891A-839354842CC5}.Debug|x64.ActiveCfg = Debug|Any CPU
		{A81CA098-B6E7-4196-891A-839354842CC5}.Debug|x64.Build.0 = Debug|Any CPU
		{A81CA098-B6E7-4196-891A-839354842CC5}.Debug|x86.ActiveCfg = Debug|Any CPU
		{A81CA098-B6E7-4196-891A-839354842CC5}.Debug|x86.Build.0 = Debug|Any CPU
		{A81CA098-B6E7-4196-891A-839354842CC5}.Release|Any CPU.ActiveCfg = Release|Any CPU
		{A81CA098-B6E7-4196-891A-839354842CC5}.Release|Any CPU.Build.0 = Release|Any CPU
		{A81CA098-B6E7-4196-891A-839354842CC5}.Release|x64.ActiveCfg = Release|Any CPU
		{A81CA098-B6E7-4196-891A-839354842CC5}.Release|x64.Build.0 = Release|Any CPU
		{A81CA098-B6E7-4196-891A-839354842CC5}.Release|x86.ActiveCfg = Release|Any CPU
		{A81CA098-B6E7-4196-891A-839354842CC5}.Release|x86.Build.0 = Release|Any CPU
		{921C5F59-3FAC-48B3-BE77-E405E0E177AE}.Debug|Any CPU.ActiveCfg = Debug|Any CPU
		{921C5F59-3FAC-48B3-BE77-E405E0E177AE}.Debug|Any CPU.Build.0 = Debug|Any CPU
		{921C5F59-3FAC-48B3-BE77-E405E0E177AE}.Debug|x64.ActiveCfg = Debug|Any CPU
		{921C5F59-3FAC-48B3-BE77-E405E0E177AE}.Debug|x64.Build.0 = Debug|Any CPU
		{921C5F59-3FAC-48B3-BE77-E405E0E177AE}.Debug|x86.ActiveCfg = Debug|Any CPU
		{921C5F59-3FAC-48B3-BE77-E405E0E177AE}.Debug|x86.Build.0 = Debug|Any CPU
		{921C5F59-3FAC-48B3-BE77-E405E0E177AE}.Release|Any CPU.ActiveCfg = Release|Any CPU
		{921C5F59-3FAC-48B3-BE77-E405E0E177AE}.Release|Any CPU.Build.0 = Release|Any CPU
		{921C5F59-3FAC-48B3-BE77-E405E0E177AE}.Release|x64.ActiveCfg = Release|Any CPU
		{921C5F59-3FAC-48B3-BE77-E405E0E177AE}.Release|x64.Build.0 = Release|Any CPU
		{921C5F59-3FAC-48B3-BE77-E405E0E177AE}.Release|x86.ActiveCfg = Release|Any CPU
		{921C5F59-3FAC-48B3-BE77-E405E0E177AE}.Release|x86.Build.0 = Release|Any CPU
		{CEB7BF23-7D63-46A8-A11B-38F0048C79D3}.Debug|Any CPU.ActiveCfg = Debug|Any CPU
		{CEB7BF23-7D63-46A8-A11B-38F0048C79D3}.Debug|Any CPU.Build.0 = Debug|Any CPU
		{CEB7BF23-7D63-46A8-A11B-38F0048C79D3}.Debug|x64.ActiveCfg = Debug|Any CPU
		{CEB7BF23-7D63-46A8-A11B-38F0048C79D3}.Debug|x64.Build.0 = Debug|Any CPU
		{CEB7BF23-7D63-46A8-A11B-38F0048C79D3}.Debug|x86.ActiveCfg = Debug|Any CPU
		{CEB7BF23-7D63-46A8-A11B-38F0048C79D3}.Debug|x86.Build.0 = Debug|Any CPU
		{CEB7BF23-7D63-46A8-A11B-38F0048C79D3}.Release|Any CPU.ActiveCfg = Release|Any CPU
		{CEB7BF23-7D63-46A8-A11B-38F0048C79D3}.Release|Any CPU.Build.0 = Release|Any CPU
		{CEB7BF23-7D63-46A8-A11B-38F0048C79D3}.Release|x64.ActiveCfg = Release|Any CPU
		{CEB7BF23-7D63-46A8-A11B-38F0048C79D3}.Release|x64.Build.0 = Release|Any CPU
		{CEB7BF23-7D63-46A8-A11B-38F0048C79D3}.Release|x86.ActiveCfg = Release|Any CPU
		{CEB7BF23-7D63-46A8-A11B-38F0048C79D3}.Release|x86.Build.0 = Release|Any CPU
		{C5EE7A68-8B28-448B-B95B-8226137391D8}.Debug|Any CPU.ActiveCfg = Debug|Any CPU
		{C5EE7A68-8B28-448B-B95B-8226137391D8}.Debug|Any CPU.Build.0 = Debug|Any CPU
		{C5EE7A68-8B28-448B-B95B-8226137391D8}.Debug|x64.ActiveCfg = Debug|Any CPU
		{C5EE7A68-8B28-448B-B95B-8226137391D8}.Debug|x64.Build.0 = Debug|Any CPU
		{C5EE7A68-8B28-448B-B95B-8226137391D8}.Debug|x86.ActiveCfg = Debug|Any CPU
		{C5EE7A68-8B28-448B-B95B-8226137391D8}.Debug|x86.Build.0 = Debug|Any CPU
		{C5EE7A68-8B28-448B-B95B-8226137391D8}.Release|Any CPU.ActiveCfg = Release|Any CPU
		{C5EE7A68-8B28-448B-B95B-8226137391D8}.Release|Any CPU.Build.0 = Release|Any CPU
		{C5EE7A68-8B28-448B-B95B-8226137391D8}.Release|x64.ActiveCfg = Release|Any CPU
		{C5EE7A68-8B28-448B-B95B-8226137391D8}.Release|x64.Build.0 = Release|Any CPU
		{C5EE7A68-8B28-448B-B95B-8226137391D8}.Release|x86.ActiveCfg = Release|Any CPU
		{C5EE7A68-8B28-448B-B95B-8226137391D8}.Release|x86.Build.0 = Release|Any CPU
		{1650A2E5-D71D-4D8C-AE23-E98CC22EFB68}.Debug|Any CPU.ActiveCfg = Debug|Any CPU
		{1650A2E5-D71D-4D8C-AE23-E98CC22EFB68}.Debug|Any CPU.Build.0 = Debug|Any CPU
		{1650A2E5-D71D-4D8C-AE23-E98CC22EFB68}.Debug|x64.ActiveCfg = Debug|Any CPU
		{1650A2E5-D71D-4D8C-AE23-E98CC22EFB68}.Debug|x64.Build.0 = Debug|Any CPU
		{1650A2E5-D71D-4D8C-AE23-E98CC22EFB68}.Debug|x86.ActiveCfg = Debug|Any CPU
		{1650A2E5-D71D-4D8C-AE23-E98CC22EFB68}.Debug|x86.Build.0 = Debug|Any CPU
		{1650A2E5-D71D-4D8C-AE23-E98CC22EFB68}.Release|Any CPU.ActiveCfg = Release|Any CPU
		{1650A2E5-D71D-4D8C-AE23-E98CC22EFB68}.Release|Any CPU.Build.0 = Release|Any CPU
		{1650A2E5-D71D-4D8C-AE23-E98CC22EFB68}.Release|x64.ActiveCfg = Release|Any CPU
		{1650A2E5-D71D-4D8C-AE23-E98CC22EFB68}.Release|x64.Build.0 = Release|Any CPU
		{1650A2E5-D71D-4D8C-AE23-E98CC22EFB68}.Release|x86.ActiveCfg = Release|Any CPU
		{1650A2E5-D71D-4D8C-AE23-E98CC22EFB68}.Release|x86.Build.0 = Release|Any CPU
		{003DDF93-114D-4013-9CC6-3DA9716D4FB4}.Debug|Any CPU.ActiveCfg = Debug|Any CPU
		{003DDF93-114D-4013-9CC6-3DA9716D4FB4}.Debug|Any CPU.Build.0 = Debug|Any CPU
		{003DDF93-114D-4013-9CC6-3DA9716D4FB4}.Debug|x64.ActiveCfg = Debug|Any CPU
		{003DDF93-114D-4013-9CC6-3DA9716D4FB4}.Debug|x64.Build.0 = Debug|Any CPU
		{003DDF93-114D-4013-9CC6-3DA9716D4FB4}.Debug|x86.ActiveCfg = Debug|Any CPU
		{003DDF93-114D-4013-9CC6-3DA9716D4FB4}.Debug|x86.Build.0 = Debug|Any CPU
		{003DDF93-114D-4013-9CC6-3DA9716D4FB4}.Release|Any CPU.ActiveCfg = Release|Any CPU
		{003DDF93-114D-4013-9CC6-3DA9716D4FB4}.Release|Any CPU.Build.0 = Release|Any CPU
		{003DDF93-114D-4013-9CC6-3DA9716D4FB4}.Release|x64.ActiveCfg = Release|Any CPU
		{003DDF93-114D-4013-9CC6-3DA9716D4FB4}.Release|x64.Build.0 = Release|Any CPU
		{003DDF93-114D-4013-9CC6-3DA9716D4FB4}.Release|x86.ActiveCfg = Release|Any CPU
		{003DDF93-114D-4013-9CC6-3DA9716D4FB4}.Release|x86.Build.0 = Release|Any CPU
		{7B6A15C2-E868-4B05-B23C-D242E19AA0E9}.Debug|Any CPU.ActiveCfg = Debug|Any CPU
		{7B6A15C2-E868-4B05-B23C-D242E19AA0E9}.Debug|Any CPU.Build.0 = Debug|Any CPU
		{7B6A15C2-E868-4B05-B23C-D242E19AA0E9}.Debug|x64.ActiveCfg = Debug|Any CPU
		{7B6A15C2-E868-4B05-B23C-D242E19AA0E9}.Debug|x64.Build.0 = Debug|Any CPU
		{7B6A15C2-E868-4B05-B23C-D242E19AA0E9}.Debug|x86.ActiveCfg = Debug|Any CPU
		{7B6A15C2-E868-4B05-B23C-D242E19AA0E9}.Debug|x86.Build.0 = Debug|Any CPU
		{7B6A15C2-E868-4B05-B23C-D242E19AA0E9}.Release|Any CPU.ActiveCfg = Release|Any CPU
		{7B6A15C2-E868-4B05-B23C-D242E19AA0E9}.Release|Any CPU.Build.0 = Release|Any CPU
		{7B6A15C2-E868-4B05-B23C-D242E19AA0E9}.Release|x64.ActiveCfg = Release|Any CPU
		{7B6A15C2-E868-4B05-B23C-D242E19AA0E9}.Release|x64.Build.0 = Release|Any CPU
		{7B6A15C2-E868-4B05-B23C-D242E19AA0E9}.Release|x86.ActiveCfg = Release|Any CPU
		{7B6A15C2-E868-4B05-B23C-D242E19AA0E9}.Release|x86.Build.0 = Release|Any CPU
		{930B77E1-9C18-4756-B8AE-8795C9C10203}.Debug|Any CPU.ActiveCfg = Debug|Any CPU
		{930B77E1-9C18-4756-B8AE-8795C9C10203}.Debug|Any CPU.Build.0 = Debug|Any CPU
		{930B77E1-9C18-4756-B8AE-8795C9C10203}.Debug|x64.ActiveCfg = Debug|Any CPU
		{930B77E1-9C18-4756-B8AE-8795C9C10203}.Debug|x64.Build.0 = Debug|Any CPU
		{930B77E1-9C18-4756-B8AE-8795C9C10203}.Debug|x86.ActiveCfg = Debug|Any CPU
		{930B77E1-9C18-4756-B8AE-8795C9C10203}.Debug|x86.Build.0 = Debug|Any CPU
		{930B77E1-9C18-4756-B8AE-8795C9C10203}.Release|Any CPU.ActiveCfg = Release|Any CPU
		{930B77E1-9C18-4756-B8AE-8795C9C10203}.Release|Any CPU.Build.0 = Release|Any CPU
		{930B77E1-9C18-4756-B8AE-8795C9C10203}.Release|x64.ActiveCfg = Release|Any CPU
		{930B77E1-9C18-4756-B8AE-8795C9C10203}.Release|x64.Build.0 = Release|Any CPU
		{930B77E1-9C18-4756-B8AE-8795C9C10203}.Release|x86.ActiveCfg = Release|Any CPU
		{930B77E1-9C18-4756-B8AE-8795C9C10203}.Release|x86.Build.0 = Release|Any CPU
		{78EDDBF8-E80A-4FB9-8F41-E6FAA300ABA1}.Debug|Any CPU.ActiveCfg = Debug|Any CPU
		{78EDDBF8-E80A-4FB9-8F41-E6FAA300ABA1}.Debug|Any CPU.Build.0 = Debug|Any CPU
		{78EDDBF8-E80A-4FB9-8F41-E6FAA300ABA1}.Debug|x64.ActiveCfg = Debug|Any CPU
		{78EDDBF8-E80A-4FB9-8F41-E6FAA300ABA1}.Debug|x64.Build.0 = Debug|Any CPU
		{78EDDBF8-E80A-4FB9-8F41-E6FAA300ABA1}.Debug|x86.ActiveCfg = Debug|Any CPU
		{78EDDBF8-E80A-4FB9-8F41-E6FAA300ABA1}.Debug|x86.Build.0 = Debug|Any CPU
		{78EDDBF8-E80A-4FB9-8F41-E6FAA300ABA1}.Release|Any CPU.ActiveCfg = Release|Any CPU
		{78EDDBF8-E80A-4FB9-8F41-E6FAA300ABA1}.Release|Any CPU.Build.0 = Release|Any CPU
		{78EDDBF8-E80A-4FB9-8F41-E6FAA300ABA1}.Release|x64.ActiveCfg = Release|Any CPU
		{78EDDBF8-E80A-4FB9-8F41-E6FAA300ABA1}.Release|x64.Build.0 = Release|Any CPU
		{78EDDBF8-E80A-4FB9-8F41-E6FAA300ABA1}.Release|x86.ActiveCfg = Release|Any CPU
		{78EDDBF8-E80A-4FB9-8F41-E6FAA300ABA1}.Release|x86.Build.0 = Release|Any CPU
		{A5D0489B-8510-4369-8537-B7CEE9B15154}.Debug|Any CPU.ActiveCfg = Debug|Any CPU
		{A5D0489B-8510-4369-8537-B7CEE9B15154}.Debug|Any CPU.Build.0 = Debug|Any CPU
		{A5D0489B-8510-4369-8537-B7CEE9B15154}.Debug|x64.ActiveCfg = Debug|Any CPU
		{A5D0489B-8510-4369-8537-B7CEE9B15154}.Debug|x64.Build.0 = Debug|Any CPU
		{A5D0489B-8510-4369-8537-B7CEE9B15154}.Debug|x86.ActiveCfg = Debug|Any CPU
		{A5D0489B-8510-4369-8537-B7CEE9B15154}.Debug|x86.Build.0 = Debug|Any CPU
		{A5D0489B-8510-4369-8537-B7CEE9B15154}.Release|Any CPU.ActiveCfg = Release|Any CPU
		{A5D0489B-8510-4369-8537-B7CEE9B15154}.Release|Any CPU.Build.0 = Release|Any CPU
		{A5D0489B-8510-4369-8537-B7CEE9B15154}.Release|x64.ActiveCfg = Release|Any CPU
		{A5D0489B-8510-4369-8537-B7CEE9B15154}.Release|x64.Build.0 = Release|Any CPU
		{A5D0489B-8510-4369-8537-B7CEE9B15154}.Release|x86.ActiveCfg = Release|Any CPU
		{A5D0489B-8510-4369-8537-B7CEE9B15154}.Release|x86.Build.0 = Release|Any CPU
		{8727F713-265C-4041-97AB-EC55C8976462}.Debug|Any CPU.ActiveCfg = Debug|Any CPU
		{8727F713-265C-4041-97AB-EC55C8976462}.Debug|Any CPU.Build.0 = Debug|Any CPU
		{8727F713-265C-4041-97AB-EC55C8976462}.Debug|x64.ActiveCfg = Debug|Any CPU
		{8727F713-265C-4041-97AB-EC55C8976462}.Debug|x64.Build.0 = Debug|Any CPU
		{8727F713-265C-4041-97AB-EC55C8976462}.Debug|x86.ActiveCfg = Debug|Any CPU
		{8727F713-265C-4041-97AB-EC55C8976462}.Debug|x86.Build.0 = Debug|Any CPU
		{8727F713-265C-4041-97AB-EC55C8976462}.Release|Any CPU.ActiveCfg = Release|Any CPU
		{8727F713-265C-4041-97AB-EC55C8976462}.Release|Any CPU.Build.0 = Release|Any CPU
		{8727F713-265C-4041-97AB-EC55C8976462}.Release|x64.ActiveCfg = Release|Any CPU
		{8727F713-265C-4041-97AB-EC55C8976462}.Release|x64.Build.0 = Release|Any CPU
		{8727F713-265C-4041-97AB-EC55C8976462}.Release|x86.ActiveCfg = Release|Any CPU
		{8727F713-265C-4041-97AB-EC55C8976462}.Release|x86.Build.0 = Release|Any CPU
		{908C10B6-20BD-48DC-B16A-9818CED03246}.Debug|Any CPU.ActiveCfg = Debug|Any CPU
		{908C10B6-20BD-48DC-B16A-9818CED03246}.Debug|Any CPU.Build.0 = Debug|Any CPU
		{908C10B6-20BD-48DC-B16A-9818CED03246}.Debug|x64.ActiveCfg = Debug|Any CPU
		{908C10B6-20BD-48DC-B16A-9818CED03246}.Debug|x64.Build.0 = Debug|Any CPU
		{908C10B6-20BD-48DC-B16A-9818CED03246}.Debug|x86.ActiveCfg = Debug|Any CPU
		{908C10B6-20BD-48DC-B16A-9818CED03246}.Debug|x86.Build.0 = Debug|Any CPU
		{908C10B6-20BD-48DC-B16A-9818CED03246}.Release|Any CPU.ActiveCfg = Release|Any CPU
		{908C10B6-20BD-48DC-B16A-9818CED03246}.Release|Any CPU.Build.0 = Release|Any CPU
		{908C10B6-20BD-48DC-B16A-9818CED03246}.Release|x64.ActiveCfg = Release|Any CPU
		{908C10B6-20BD-48DC-B16A-9818CED03246}.Release|x64.Build.0 = Release|Any CPU
		{908C10B6-20BD-48DC-B16A-9818CED03246}.Release|x86.ActiveCfg = Release|Any CPU
		{908C10B6-20BD-48DC-B16A-9818CED03246}.Release|x86.Build.0 = Release|Any CPU
		{9BA6A244-F6A7-4F83-98F2-7F2CA223C599}.Debug|Any CPU.ActiveCfg = Debug|Any CPU
		{9BA6A244-F6A7-4F83-98F2-7F2CA223C599}.Debug|Any CPU.Build.0 = Debug|Any CPU
		{9BA6A244-F6A7-4F83-98F2-7F2CA223C599}.Debug|x64.ActiveCfg = Debug|Any CPU
		{9BA6A244-F6A7-4F83-98F2-7F2CA223C599}.Debug|x64.Build.0 = Debug|Any CPU
		{9BA6A244-F6A7-4F83-98F2-7F2CA223C599}.Debug|x86.ActiveCfg = Debug|Any CPU
		{9BA6A244-F6A7-4F83-98F2-7F2CA223C599}.Debug|x86.Build.0 = Debug|Any CPU
		{9BA6A244-F6A7-4F83-98F2-7F2CA223C599}.Release|Any CPU.ActiveCfg = Release|Any CPU
		{9BA6A244-F6A7-4F83-98F2-7F2CA223C599}.Release|Any CPU.Build.0 = Release|Any CPU
		{9BA6A244-F6A7-4F83-98F2-7F2CA223C599}.Release|x64.ActiveCfg = Release|Any CPU
		{9BA6A244-F6A7-4F83-98F2-7F2CA223C599}.Release|x64.Build.0 = Release|Any CPU
		{9BA6A244-F6A7-4F83-98F2-7F2CA223C599}.Release|x86.ActiveCfg = Release|Any CPU
		{9BA6A244-F6A7-4F83-98F2-7F2CA223C599}.Release|x86.Build.0 = Release|Any CPU
		{7F0D2304-6FFB-4130-A01D-1BA65DFE3398}.Debug|Any CPU.ActiveCfg = Debug|Any CPU
		{7F0D2304-6FFB-4130-A01D-1BA65DFE3398}.Debug|Any CPU.Build.0 = Debug|Any CPU
		{7F0D2304-6FFB-4130-A01D-1BA65DFE3398}.Debug|x64.ActiveCfg = Debug|Any CPU
		{7F0D2304-6FFB-4130-A01D-1BA65DFE3398}.Debug|x64.Build.0 = Debug|Any CPU
		{7F0D2304-6FFB-4130-A01D-1BA65DFE3398}.Debug|x86.ActiveCfg = Debug|Any CPU
		{7F0D2304-6FFB-4130-A01D-1BA65DFE3398}.Debug|x86.Build.0 = Debug|Any CPU
		{7F0D2304-6FFB-4130-A01D-1BA65DFE3398}.Release|Any CPU.ActiveCfg = Release|Any CPU
		{7F0D2304-6FFB-4130-A01D-1BA65DFE3398}.Release|Any CPU.Build.0 = Release|Any CPU
		{7F0D2304-6FFB-4130-A01D-1BA65DFE3398}.Release|x64.ActiveCfg = Release|Any CPU
		{7F0D2304-6FFB-4130-A01D-1BA65DFE3398}.Release|x64.Build.0 = Release|Any CPU
		{7F0D2304-6FFB-4130-A01D-1BA65DFE3398}.Release|x86.ActiveCfg = Release|Any CPU
		{7F0D2304-6FFB-4130-A01D-1BA65DFE3398}.Release|x86.Build.0 = Release|Any CPU
		{21B948CA-6B32-4BCF-938C-9975A265EDA1}.Debug|Any CPU.ActiveCfg = Debug|Any CPU
		{21B948CA-6B32-4BCF-938C-9975A265EDA1}.Debug|Any CPU.Build.0 = Debug|Any CPU
		{21B948CA-6B32-4BCF-938C-9975A265EDA1}.Debug|x64.ActiveCfg = Debug|Any CPU
		{21B948CA-6B32-4BCF-938C-9975A265EDA1}.Debug|x64.Build.0 = Debug|Any CPU
		{21B948CA-6B32-4BCF-938C-9975A265EDA1}.Debug|x86.ActiveCfg = Debug|Any CPU
		{21B948CA-6B32-4BCF-938C-9975A265EDA1}.Debug|x86.Build.0 = Debug|Any CPU
		{21B948CA-6B32-4BCF-938C-9975A265EDA1}.Release|Any CPU.ActiveCfg = Release|Any CPU
		{21B948CA-6B32-4BCF-938C-9975A265EDA1}.Release|Any CPU.Build.0 = Release|Any CPU
		{21B948CA-6B32-4BCF-938C-9975A265EDA1}.Release|x64.ActiveCfg = Release|Any CPU
		{21B948CA-6B32-4BCF-938C-9975A265EDA1}.Release|x64.Build.0 = Release|Any CPU
		{21B948CA-6B32-4BCF-938C-9975A265EDA1}.Release|x86.ActiveCfg = Release|Any CPU
		{21B948CA-6B32-4BCF-938C-9975A265EDA1}.Release|x86.Build.0 = Release|Any CPU
		{365221E0-E05E-4AFA-B075-FF0BD0ACF6FB}.Debug|Any CPU.ActiveCfg = Debug|Any CPU
		{365221E0-E05E-4AFA-B075-FF0BD0ACF6FB}.Debug|Any CPU.Build.0 = Debug|Any CPU
		{365221E0-E05E-4AFA-B075-FF0BD0ACF6FB}.Debug|x64.ActiveCfg = Debug|Any CPU
		{365221E0-E05E-4AFA-B075-FF0BD0ACF6FB}.Debug|x64.Build.0 = Debug|Any CPU
		{365221E0-E05E-4AFA-B075-FF0BD0ACF6FB}.Debug|x86.ActiveCfg = Debug|Any CPU
		{365221E0-E05E-4AFA-B075-FF0BD0ACF6FB}.Debug|x86.Build.0 = Debug|Any CPU
		{365221E0-E05E-4AFA-B075-FF0BD0ACF6FB}.Release|Any CPU.ActiveCfg = Release|Any CPU
		{365221E0-E05E-4AFA-B075-FF0BD0ACF6FB}.Release|Any CPU.Build.0 = Release|Any CPU
		{365221E0-E05E-4AFA-B075-FF0BD0ACF6FB}.Release|x64.ActiveCfg = Release|Any CPU
		{365221E0-E05E-4AFA-B075-FF0BD0ACF6FB}.Release|x64.Build.0 = Release|Any CPU
		{365221E0-E05E-4AFA-B075-FF0BD0ACF6FB}.Release|x86.ActiveCfg = Release|Any CPU
		{365221E0-E05E-4AFA-B075-FF0BD0ACF6FB}.Release|x86.Build.0 = Release|Any CPU
		{28D3C0A7-F44C-4C7E-9C91-B94F81A10945}.Debug|Any CPU.ActiveCfg = Debug|Any CPU
		{28D3C0A7-F44C-4C7E-9C91-B94F81A10945}.Debug|Any CPU.Build.0 = Debug|Any CPU
		{28D3C0A7-F44C-4C7E-9C91-B94F81A10945}.Debug|x64.ActiveCfg = Debug|Any CPU
		{28D3C0A7-F44C-4C7E-9C91-B94F81A10945}.Debug|x64.Build.0 = Debug|Any CPU
		{28D3C0A7-F44C-4C7E-9C91-B94F81A10945}.Debug|x86.ActiveCfg = Debug|Any CPU
		{28D3C0A7-F44C-4C7E-9C91-B94F81A10945}.Debug|x86.Build.0 = Debug|Any CPU
		{28D3C0A7-F44C-4C7E-9C91-B94F81A10945}.Release|Any CPU.ActiveCfg = Release|Any CPU
		{28D3C0A7-F44C-4C7E-9C91-B94F81A10945}.Release|Any CPU.Build.0 = Release|Any CPU
		{28D3C0A7-F44C-4C7E-9C91-B94F81A10945}.Release|x64.ActiveCfg = Release|Any CPU
		{28D3C0A7-F44C-4C7E-9C91-B94F81A10945}.Release|x64.Build.0 = Release|Any CPU
		{28D3C0A7-F44C-4C7E-9C91-B94F81A10945}.Release|x86.ActiveCfg = Release|Any CPU
		{28D3C0A7-F44C-4C7E-9C91-B94F81A10945}.Release|x86.Build.0 = Release|Any CPU
		{9E903E49-01C0-4E12-99B5-3D9C7D9F7655}.Debug|Any CPU.ActiveCfg = Debug|Any CPU
		{9E903E49-01C0-4E12-99B5-3D9C7D9F7655}.Debug|Any CPU.Build.0 = Debug|Any CPU
		{9E903E49-01C0-4E12-99B5-3D9C7D9F7655}.Debug|x64.ActiveCfg = Debug|Any CPU
		{9E903E49-01C0-4E12-99B5-3D9C7D9F7655}.Debug|x64.Build.0 = Debug|Any CPU
		{9E903E49-01C0-4E12-99B5-3D9C7D9F7655}.Debug|x86.ActiveCfg = Debug|Any CPU
		{9E903E49-01C0-4E12-99B5-3D9C7D9F7655}.Debug|x86.Build.0 = Debug|Any CPU
		{9E903E49-01C0-4E12-99B5-3D9C7D9F7655}.Release|Any CPU.ActiveCfg = Release|Any CPU
		{9E903E49-01C0-4E12-99B5-3D9C7D9F7655}.Release|Any CPU.Build.0 = Release|Any CPU
		{9E903E49-01C0-4E12-99B5-3D9C7D9F7655}.Release|x64.ActiveCfg = Release|Any CPU
		{9E903E49-01C0-4E12-99B5-3D9C7D9F7655}.Release|x64.Build.0 = Release|Any CPU
		{9E903E49-01C0-4E12-99B5-3D9C7D9F7655}.Release|x86.ActiveCfg = Release|Any CPU
		{9E903E49-01C0-4E12-99B5-3D9C7D9F7655}.Release|x86.Build.0 = Release|Any CPU
		{F6515FF0-7ECA-4E4C-952E-B14220F7DEE0}.Debug|Any CPU.ActiveCfg = Debug|Any CPU
		{F6515FF0-7ECA-4E4C-952E-B14220F7DEE0}.Debug|Any CPU.Build.0 = Debug|Any CPU
		{F6515FF0-7ECA-4E4C-952E-B14220F7DEE0}.Debug|x64.ActiveCfg = Debug|Any CPU
		{F6515FF0-7ECA-4E4C-952E-B14220F7DEE0}.Debug|x64.Build.0 = Debug|Any CPU
		{F6515FF0-7ECA-4E4C-952E-B14220F7DEE0}.Debug|x86.ActiveCfg = Debug|Any CPU
		{F6515FF0-7ECA-4E4C-952E-B14220F7DEE0}.Debug|x86.Build.0 = Debug|Any CPU
		{F6515FF0-7ECA-4E4C-952E-B14220F7DEE0}.Release|Any CPU.ActiveCfg = Release|Any CPU
		{F6515FF0-7ECA-4E4C-952E-B14220F7DEE0}.Release|Any CPU.Build.0 = Release|Any CPU
		{F6515FF0-7ECA-4E4C-952E-B14220F7DEE0}.Release|x64.ActiveCfg = Release|Any CPU
		{F6515FF0-7ECA-4E4C-952E-B14220F7DEE0}.Release|x64.Build.0 = Release|Any CPU
		{F6515FF0-7ECA-4E4C-952E-B14220F7DEE0}.Release|x86.ActiveCfg = Release|Any CPU
		{F6515FF0-7ECA-4E4C-952E-B14220F7DEE0}.Release|x86.Build.0 = Release|Any CPU
		{168C54F7-FB10-490D-BA32-C9874ACF39AB}.Debug|Any CPU.ActiveCfg = Debug|Any CPU
		{168C54F7-FB10-490D-BA32-C9874ACF39AB}.Debug|Any CPU.Build.0 = Debug|Any CPU
		{168C54F7-FB10-490D-BA32-C9874ACF39AB}.Debug|x64.ActiveCfg = Debug|Any CPU
		{168C54F7-FB10-490D-BA32-C9874ACF39AB}.Debug|x64.Build.0 = Debug|Any CPU
		{168C54F7-FB10-490D-BA32-C9874ACF39AB}.Debug|x86.ActiveCfg = Debug|Any CPU
		{168C54F7-FB10-490D-BA32-C9874ACF39AB}.Debug|x86.Build.0 = Debug|Any CPU
		{168C54F7-FB10-490D-BA32-C9874ACF39AB}.Release|Any CPU.ActiveCfg = Release|Any CPU
		{168C54F7-FB10-490D-BA32-C9874ACF39AB}.Release|Any CPU.Build.0 = Release|Any CPU
		{168C54F7-FB10-490D-BA32-C9874ACF39AB}.Release|x64.ActiveCfg = Release|Any CPU
		{168C54F7-FB10-490D-BA32-C9874ACF39AB}.Release|x64.Build.0 = Release|Any CPU
		{168C54F7-FB10-490D-BA32-C9874ACF39AB}.Release|x86.ActiveCfg = Release|Any CPU
		{168C54F7-FB10-490D-BA32-C9874ACF39AB}.Release|x86.Build.0 = Release|Any CPU
	EndGlobalSection
	GlobalSection(SolutionProperties) = preSolution
		HideSolutionNode = FALSE
	EndGlobalSection
	GlobalSection(NestedProjects) = preSolution
		{B9DF1945-B54C-4291-90AA-0D62B045AE6C} = {CA367018-E95E-3BA1-045E-B4F8AEEC5B22}
		{46CF21C6-5680-4614-8D2C-BB5C53A8FF09} = {CA367018-E95E-3BA1-045E-B4F8AEEC5B22}
		{14912C60-0E9C-487D-ABC8-C3AA37DEFD49} = {CA367018-E95E-3BA1-045E-B4F8AEEC5B22}
		{A81CA098-B6E7-4196-891A-839354842CC5} = {CA367018-E95E-3BA1-045E-B4F8AEEC5B22}
		{921C5F59-3FAC-48B3-BE77-E405E0E177AE} = {CA367018-E95E-3BA1-045E-B4F8AEEC5B22}
		{CEB7BF23-7D63-46A8-A11B-38F0048C79D3} = {CA367018-E95E-3BA1-045E-B4F8AEEC5B22}
		{C5EE7A68-8B28-448B-B95B-8226137391D8} = {CA367018-E95E-3BA1-045E-B4F8AEEC5B22}
		{1650A2E5-D71D-4D8C-AE23-E98CC22EFB68} = {CA367018-E95E-3BA1-045E-B4F8AEEC5B22}
		{003DDF93-114D-4013-9CC6-3DA9716D4FB4} = {CA367018-E95E-3BA1-045E-B4F8AEEC5B22}
		{7B6A15C2-E868-4B05-B23C-D242E19AA0E9} = {CA367018-E95E-3BA1-045E-B4F8AEEC5B22}
		{930B77E1-9C18-4756-B8AE-8795C9C10203} = {CA367018-E95E-3BA1-045E-B4F8AEEC5B22}
		{78EDDBF8-E80A-4FB9-8F41-E6FAA300ABA1} = {CA367018-E95E-3BA1-045E-B4F8AEEC5B22}
		{A5D0489B-8510-4369-8537-B7CEE9B15154} = {CA367018-E95E-3BA1-045E-B4F8AEEC5B22}
		{8727F713-265C-4041-97AB-EC55C8976462} = {CA367018-E95E-3BA1-045E-B4F8AEEC5B22}
		{908C10B6-20BD-48DC-B16A-9818CED03246} = {CA367018-E95E-3BA1-045E-B4F8AEEC5B22}
		{9BA6A244-F6A7-4F83-98F2-7F2CA223C599} = {7AEDEC2C-D7CD-2291-07FC-297D53620BBD}
		{7F0D2304-6FFB-4130-A01D-1BA65DFE3398} = {FD78E6DB-0280-7958-3145-3411AA089A83}
		{21B948CA-6B32-4BCF-938C-9975A265EDA1} = {BBF42357-C79D-5771-9C44-EB4CBE29E30F}
		{365221E0-E05E-4AFA-B075-FF0BD0ACF6FB} = {BBF42357-C79D-5771-9C44-EB4CBE29E30F}
		{28D3C0A7-F44C-4C7E-9C91-B94F81A10945} = {5257F81B-9E3E-BCC9-4C01-B7DB4063E298}
		{F8E51F75-435D-731B-0802-8FF53310D1F5} = {CA635431-25CB-ACB3-CA3A-BACAE881AF8C}
		{9E903E49-01C0-4E12-99B5-3D9C7D9F7655} = {F8E51F75-435D-731B-0802-8FF53310D1F5}
		{F6515FF0-7ECA-4E4C-952E-B14220F7DEE0} = {F8E51F75-435D-731B-0802-8FF53310D1F5}
		{9C1F6B2E-C846-9456-7AF8-2940744FC102} = {BBF42357-C79D-5771-9C44-EB4CBE29E30F}
		{168C54F7-FB10-490D-BA32-C9874ACF39AB} = {9C1F6B2E-C846-9456-7AF8-2940744FC102}
	EndGlobalSection
EndGlobal
